
Microsoft Visual Studio Solution File, Format Version 12.00
# Visual Studio Version 17
VisualStudioVersion = 17.9.34714.143
MinimumVisualStudioVersion = 10.0.40219.1
Project("{FAE04EC0-301F-11D3-BF4B-00C04F79EFBC}") = "FareCalcSystem.View", "FareCalcSystem\FareCalcSystem.View.csproj", "{21AAA623-3E19-48C7-98CC-58F82618BEFE}"
EndProject
Project("{FAE04EC0-301F-11D3-BF4B-00C04F79EFBC}") = "FareCalcSystem.Model", "FareCalcSystem.Model\FareCalcSystem.Model.csproj", "{9D19A361-AEDD-4630-8F60-FF554B570B2F}"
EndProject
Global
	GlobalSection(SolutionConfigurationPlatforms) = preSolution
		Debug|Any CPU = Debug|Any CPU
		Release|Any CPU = Release|Any CPU
	EndGlobalSection
	GlobalSection(ProjectConfigurationPlatforms) = postSolution
		{21AAA623-3E19-48C7-98CC-58F82618BEFE}.Debug|Any CPU.ActiveCfg = Debug|Any CPU
		{21AAA623-3E19-48C7-98CC-58F82618BEFE}.Debug|Any CPU.Build.0 = Debug|Any CPU
		{21AAA623-3E19-48C7-98CC-58F82618BEFE}.Release|Any CPU.ActiveCfg = Release|Any CPU
		{21AAA623-3E19-48C7-98CC-58F82618BEFE}.Release|Any CPU.Build.0 = Release|Any CPU
		{9D19A361-AEDD-4630-8F60-FF554B570B2F}.Debug|Any CPU.ActiveCfg = Debug|Any CPU
		{9D19A361-AEDD-4630-8F60-FF554B570B2F}.Debug|Any CPU.Build.0 = Debug|Any CPU
		{9D19A361-AEDD-4630-8F60-FF554B570B2F}.Release|Any CPU.ActiveCfg = Release|Any CPU
		{9D19A361-AEDD-4630-8F60-FF554B570B2F}.Release|Any CPU.Build.0 = Release|Any CPU
	EndGlobalSection
	GlobalSection(SolutionProperties) = preSolution
		HideSolutionNode = FALSE
	EndGlobalSection
	GlobalSection(ExtensibilityGlobals) = postSolution
		SolutionGuid = {4742AD0A-8400-452C-860F-6637FDB47C33}
	EndGlobalSection
EndGlobal
